
Microsoft Visual Studio Solution File, Format Version 12.00
# Visual Studio 15
VisualStudioVersion = 15.0.27428.2037
MinimumVisualStudioVersion = 10.0.40219.1
Project("{FAE04EC0-301F-11D3-BF4B-00C04F79EFBC}") = "WindowsFormsApp2", "WindowsFormsApp2\WindowsFormsApp2.csproj", "{077ADD30-DE5D-4EF6-BBAB-FE853A740042}"
EndProject
Global
	GlobalSection(SolutionConfigurationPlatforms) = preSolution
		Debug|Any CPU = Debug|Any CPU
		Release|Any CPU = Release|Any CPU
	EndGlobalSection
	GlobalSection(ProjectConfigurationPlatforms) = postSolution
		{077ADD30-DE5D-4EF6-BBAB-FE853A740042}.Debug|Any CPU.ActiveCfg = Debug|Any CPU
		{077ADD30-DE5D-4EF6-BBAB-FE853A740042}.Debug|Any CPU.Build.0 = Debug|Any CPU
		{077ADD30-DE5D-4EF6-BBAB-FE853A740042}.Release|Any CPU.ActiveCfg = Release|Any CPU
		{077ADD30-DE5D-4EF6-BBAB-FE853A740042}.Release|Any CPU.Build.0 = Release|Any CPU
	EndGlobalSection
	GlobalSection(SolutionProperties) = preSolution
		HideSolutionNode = FALSE
	EndGlobalSection
	GlobalSection(ExtensibilityGlobals) = postSolution
		SolutionGuid = {61D7396A-919A-4558-89F2-FE5929FA3BFE}
	EndGlobalSection
EndGlobal
